
Microsoft Visual Studio Solution File, Format Version 12.00
# Visual Studio Version 16
VisualStudioVersion = 16.0.30804.86
MinimumVisualStudioVersion = 10.0.40219.1
Project("{FAE04EC0-301F-11D3-BF4B-00C04F79EFBC}") = "Singleton", "Singleton\Singleton.csproj", "{8F354A4C-C6AC-4BC8-8DA9-8E0B3BE1E4CC}"
EndProject
Global
	GlobalSection(SolutionConfigurationPlatforms) = preSolution
		Debug|Any CPU = Debug|Any CPU
		Release|Any CPU = Release|Any CPU
	EndGlobalSection
	GlobalSection(ProjectConfigurationPlatforms) = postSolution
		{8F354A4C-C6AC-4BC8-8DA9-8E0B3BE1E4CC}.Debug|Any CPU.ActiveCfg = Debug|Any CPU
		{8F354A4C-C6AC-4BC8-8DA9-8E0B3BE1E4CC}.Debug|Any CPU.Build.0 = Debug|Any CPU
		{8F354A4C-C6AC-4BC8-8DA9-8E0B3BE1E4CC}.Release|Any CPU.ActiveCfg = Release|Any CPU
		{8F354A4C-C6AC-4BC8-8DA9-8E0B3BE1E4CC}.Release|Any CPU.Build.0 = Release|Any CPU
	EndGlobalSection
	GlobalSection(SolutionProperties) = preSolution
		HideSolutionNode = FALSE
	EndGlobalSection
	GlobalSection(ExtensibilityGlobals) = postSolution
		SolutionGuid = {D9DE3341-DECC-4BDA-BE92-FC0E94EDFCD1}
	EndGlobalSection
EndGlobal
